
Microsoft Visual Studio Solution File, Format Version 12.00
# Visual Studio Version 16
Project("{9A19103F-16F7-4668-BE54-9A1E7A4F7556}") = "exportdashboards", "exportdashboards\exportdashboards.csproj", "{5DCA949D-57DA-4E56-AADD-2B3EEE5A2740}"
EndProject
Project("{9A19103F-16F7-4668-BE54-9A1E7A4F7556}") = "importdashboards", "importdashboards\importdashboards.csproj", "{EAA4BAA3-4EE1-4562-BEFA-26B6D1CB7EE1}"
EndProject
Global
	GlobalSection(SolutionConfigurationPlatforms) = preSolution
		Debug|Any CPU = Debug|Any CPU
		Debug|x64 = Debug|x64
		Release|Any CPU = Release|Any CPU
		Release|x64 = Release|x64
	EndGlobalSection
    GlobalSection(ProjectConfigurationPlatforms) = postSolution
		{5DCA949D-57DA-4E56-AADD-2B3EEE5A2740}.Debug|Any CPU.ActiveCfg = Debug|Any CPU
		{5DCA949D-57DA-4E56-AADD-2B3EEE5A2740}.Debug|Any CPU.Build.0 = Debug|Any CPU
		{5DCA949D-57DA-4E56-AADD-2B3EEE5A2740}.Debug|x64.ActiveCfg = Debug|x64
		{5DCA949D-57DA-4E56-AADD-2B3EEE5A2740}.Debug|x64.Build.0 = Debug|x64
		{5DCA949D-57DA-4E56-AADD-2B3EEE5A2740}.Release|Any CPU.ActiveCfg = Release|Any CPU
		{5DCA949D-57DA-4E56-AADD-2B3EEE5A2740}.Release|Any CPU.Build.0 = Release|Any CPU
		{5DCA949D-57DA-4E56-AADD-2B3EEE5A2740}.Release|x64.ActiveCfg = Release|x64
		{5DCA949D-57DA-4E56-AADD-2B3EEE5A2740}.Release|x64.Build.0 = Release|x64
		{EAA4BAA3-4EE1-4562-BEFA-26B6D1CB7EE1}.Debug|Any CPU.ActiveCfg = Debug|Any CPU
		{EAA4BAA3-4EE1-4562-BEFA-26B6D1CB7EE1}.Debug|Any CPU.Build.0 = Debug|Any CPU
		{EAA4BAA3-4EE1-4562-BEFA-26B6D1CB7EE1}.Debug|x64.ActiveCfg = Debug|x64
		{EAA4BAA3-4EE1-4562-BEFA-26B6D1CB7EE1}.Debug|x64.Build.0 = Debug|x64
		{EAA4BAA3-4EE1-4562-BEFA-26B6D1CB7EE1}.Release|Any CPU.ActiveCfg = Release|Any CPU
		{EAA4BAA3-4EE1-4562-BEFA-26B6D1CB7EE1}.Release|Any CPU.Build.0 = Release|Any CPU
		{EAA4BAA3-4EE1-4562-BEFA-26B6D1CB7EE1}.Release|x64.ActiveCfg = Release|x64
		{EAA4BAA3-4EE1-4562-BEFA-26B6D1CB7EE1}.Release|x64.Build.0 = Release|x64
		EndGlobalSection
	GlobalSection(SolutionProperties) = preSolution
		HideSolutionNode = FALSE
	EndGlobalSection
EndGlobal
